# This file is automatically @generated by Poetry 1.5.1 and should not be changed by hand.

[[package]]
name = "cvxpy"
version = "1.3.1"
description = "A domain-specific language for modeling convex optimization problems in Python."
optional = false
python-versions = ">=3.7"
files = [
    {file = "cvxpy-1.3.1-cp310-cp310-macosx_10_9_universal2.whl", hash = "sha256:3f00084505c1f406ee96dabbd9c1ac07c2dc2f1d5824bc8c6d178aa741729761"},
    {file = "cvxpy-1.3.1-cp310-cp310-macosx_10_9_x86_64.whl", hash = "sha256:e7ed79dedfa78af38286acdf085d6f15820b4f4210384f560368f428939b348b"},
    {file = "cvxpy-1.3.1-cp310-cp310-manylinux_2_17_aarch64.manylinux2014_aarch64.whl", hash = "sha256:b6ebae7c65474a8fe04ff2c112757999bc889f11e827ecea69bbd18ef9566b3e"},
    {file = "cvxpy-1.3.1-cp310-cp310-manylinux_2_17_x86_64.manylinux2014_x86_64.whl", hash = "sha256:23268fea9c9e87ba5859d42859fd8392d12b9080ba1966822f95ccfaab386442"},
    {file = "cvxpy-1.3.1-cp310-cp310-win_amd64.whl", hash = "sha256:1d074fe2aabfe3f2c1725e46a63b13fcd9af6844e5a57a659c8d4494510c0241"},
    {file = "cvxpy-1.3.1-cp311-cp311-macosx_10_9_universal2.whl", hash = "sha256:52425e459230c625a152640eea3029a9c1d5e524b1b635978b74cfcc89d6af8d"},
    {file = "cvxpy-1.3.1-cp311-cp311-macosx_10_9_x86_64.whl", hash = "sha256:39bccd0cb8bec99c57468a6f5db30d084ffc824633389c9da6a20b897403192f"},
    {file = "cvxpy-1.3.1-cp311-cp311-manylinux_2_17_aarch64.manylinux2014_aarch64.whl", hash = "sha256:199bcf5e61649edfac970b641652f454b802372ee6b7cbbe0bd80c5347eacdb2"},
    {file = "cvxpy-1.3.1-cp311-cp311-manylinux_2_17_x86_64.manylinux2014_x86_64.whl", hash = "sha256:4c27325e5cc12e35746ebca236aa09bb8abd5c586bcbbbef7498ea5a941d8a75"},
    {file = "cvxpy-1.3.1-cp311-cp311-win_amd64.whl", hash = "sha256:465d015b3de69c1b06567498c9bcf12882d7b3d1878f610eee477c51892aa46d"},
    {file = "cvxpy-1.3.1-cp37-cp37m-macosx_10_9_x86_64.whl", hash = "sha256:0995f87e7401229815b5a95e2d08b4442472d7d3a93df1a1a7eba20bb67e67bc"},
    {file = "cvxpy-1.3.1-cp37-cp37m-manylinux_2_17_aarch64.manylinux2014_aarch64.whl", hash = "sha256:9774274250dd017f08bf9e2cd23ba76d98fc719cc5865ba189e441f216076265"},
    {file = "cvxpy-1.3.1-cp37-cp37m-manylinux_2_17_x86_64.manylinux2014_x86_64.whl", hash = "sha256:ea8d7b7c5e3bbb4918e2eff74b798ed547d9b188c0aa01f69eea78f2c022341d"},
    {file = "cvxpy-1.3.1-cp37-cp37m-win_amd64.whl", hash = "sha256:b9aff48d30aa53ea4673b269b78fccb9af3039456d5d4204e2cdd337d9b82f95"},
    {file = "cvxpy-1.3.1-cp38-cp38-macosx_10_9_universal2.whl", hash = "sha256:ba12110c957c8a5acd69cf68cb0c8072400e9b7404ac50f65e4c03b09dc78c47"},
    {file = "cvxpy-1.3.1-cp38-cp38-macosx_10_9_x86_64.whl", hash = "sha256:27001d30ab86101ed8e6f9e369cb2e8afbddf4a219d8a64625b5d8ad82f75de2"},
    {file = "cvxpy-1.3.1-cp38-cp38-manylinux_2_17_aarch64.manylinux2014_aarch64.whl", hash = "sha256:230da88618eec3988131b5e0037e620c563e8f210567016aa0903f189d12802b"},
    {file = "cvxpy-1.3.1-cp38-cp38-manylinux_2_17_x86_64.manylinux2014_x86_64.whl", hash = "sha256:d0a5aa1d2f4f79447043987498746e18a73ef2df04d738b688fcf1e0d8843036"},
    {file = "cvxpy-1.3.1-cp38-cp38-win_amd64.whl", hash = "sha256:5f56bfabee566084b555130879ecb16705e832326e9eabc53bb0357ff4a4ac34"},
    {file = "cvxpy-1.3.1-cp39-cp39-macosx_10_9_universal2.whl", hash = "sha256:66670a9fd0648cbdccc96e918796282ce831d41680638b7b83dd5b00473fa3ff"},
    {file = "cvxpy-1.3.1-cp39-cp39-macosx_10_9_x86_64.whl", hash = "sha256:e9c6a7a601dd6d92827b6bc544a81e125c63f6ca7d83fbc6df5e573749a6f87e"},
    {file = "cvxpy-1.3.1-cp39-cp39-manylinux_2_17_aarch64.manylinux2014_aarch64.whl", hash = "sha256:eed309c2cae4f33a0964df83ebb581e7418f16e66745762483284c2aca8ceb32"},
    {file = "cvxpy-1.3.1-cp39-cp39-manylinux_2_17_x86_64.manylinux2014_x86_64.whl", hash = "sha256:e8ff42eecf008ca1d6ef8b77e784c1a65fe639c376d4dde55d7d12a1a79e1f23"},
    {file = "cvxpy-1.3.1-cp39-cp39-win_amd64.whl", hash = "sha256:d40bb4530d98652d036cd9b263bebc9b8e5c5e35c65670ce15f1257178232e54"},
    {file = "cvxpy-1.3.1.tar.gz", hash = "sha256:f07bfe93677a755a8554c4fda622ef01e2247ace99b3a78107aa9070e0d0a3cb"},
]

[package.dependencies]
ecos = ">=2"
numpy = ">=1.15"
osqp = ">=0.4.1"
scipy = ">=1.1.0"
scs = ">=1.1.6"
setuptools = ">65.5.1"

[package.extras]
cbc = ["cylp (>=0.91.5)"]
clarabel = ["clarabel"]
cvxopt = ["cvxopt"]
diffcp = ["diffcp"]
glop = ["ortools (>=9.3,<9.5)"]
glpk = ["cvxopt"]
glpk-mi = ["cvxopt"]
gurobi = ["gurobipy"]
highs = ["scipy (>=1.6.1)"]
mosek = ["Mosek"]
pdlp = ["ortools (>=9.3,<9.5)"]
proxqp = ["proxsuite"]
scip = ["PySCIPOpt"]
scipy = ["scipy"]
scs = ["setuptools (>65.5.1)"]
xpress = ["xpress"]

[[package]]
name = "ecos"
version = "2.0.12"
description = "This is the Python package for ECOS: Embedded Cone Solver. See Github page for more information."
optional = false
python-versions = "*"
files = [
    {file = "ecos-2.0.12-cp310-cp310-macosx_10_9_x86_64.whl", hash = "sha256:835298a299c88c207b3402fba60ad9b5688b59bbbf2ac34a46de5b37165d773a"},
    {file = "ecos-2.0.12-cp310-cp310-manylinux_2_17_x86_64.manylinux2014_x86_64.whl", hash = "sha256:608bc822ee8e070927ab3519169b13a1a0fe88f3d562212d6b5dbb1039776360"},
    {file = "ecos-2.0.12-cp310-cp310-win_amd64.whl", hash = "sha256:5184a9d8521ad1af90ffcd9902a6fa75c7bc473f37d30d86f97beda1033dfca2"},
    {file = "ecos-2.0.12-cp311-cp311-macosx_10_9_x86_64.whl", hash = "sha256:eba07599084724eedc20b2862d5580eebebb09609f4740baadc78401cb99827c"},
    {file = "ecos-2.0.12-cp311-cp311-manylinux_2_17_x86_64.manylinux2014_x86_64.whl", hash = "sha256:4979dc2d1cb6667e371a45a61887068505c1305437eef104ed6ef16f4b6aa0e3"},
    {file = "ecos-2.0.12-cp311-cp311-win_amd64.whl", hash = "sha256:da8fbbca3feb83a9e27075d29b3765417d0c80af8ea83cbdc4a558cae7b564af"},
    {file = "ecos-2.0.12-cp37-cp37m-macosx_10_9_x86_64.whl", hash = "sha256:f70e4547966f530fd7715756f7a65d5b9b90b312b9d37f243ef9356c05e7d74c"},
    {file = "ecos-2.0.12-cp37-cp37m-manylinux_2_17_x86_64.manylinux2014_x86_64.whl", hash = "sha256:617be25d74222849622b0f82b94a11abcf1fae78ccaf69977b328321ee6ffa0b"},
    {file = "ecos-2.0.12-cp37-cp37m-win_amd64.whl", hash = "sha256:29d00164eaea66ed54697a3b361c575284a8bca54f2623381a0635806c7303a7"},
    {file = "ecos-2.0.12-cp38-cp38-macosx_10_9_x86_64.whl", hash = "sha256:4e86671397d1d2cd7cccff8a9c45be0541b0c60af8b92a0ff3581c9ed869db67"},
    {file = "ecos-2.0.12-cp38-cp38-manylinux_2_17_x86_64.manylinux2014_x86_64.whl", hash = "sha256:858a4dd3177bdc8cc6e362031732f5177b62138a1e4ef91c0dc3c6bd7d2d1248"},
    {file = "ecos-2.0.12-cp38-cp38-win_amd64.whl", hash = "sha256:528b02f53835bd1baeb2e23f8153b8d6cc2b3704e1768be6a1a972f542241670"},
    {file = "ecos-2.0.12-cp39-cp39-macosx_10_9_x86_64.whl", hash = "sha256:3e42bd4c19af6e04f76ccc85d941b1f1adc7faeee4d06d482395a6beb7bec895"},
    {file = "ecos-2.0.12-cp39-cp39-manylinux_2_17_x86_64.manylinux2014_x86_64.whl", hash = "sha256:6def54336a15b5a49bc3bfcaa36035e8557cae8a4853b17ca84f5a29c93bcaea"},
    {file = "ecos-2.0.12-cp39-cp39-win_amd64.whl", hash = "sha256:7af08941552fce108bd80145cdb6be7fa74477a20bacdac170800442cc7027d4"},
    {file = "ecos-2.0.12.tar.gz", hash = "sha256:f48816d73b87ae325556ea537b7c8743187311403c80e3832035224156337c4e"},
]

[package.dependencies]
numpy = ">=1.6"
scipy = ">=0.9"

[[package]]
name = "joblib"
version = "1.2.0"
description = "Lightweight pipelining with Python functions"
optional = false
python-versions = ">=3.7"
files = [
    {file = "joblib-1.2.0-py3-none-any.whl", hash = "sha256:091138ed78f800342968c523bdde947e7a305b8594b910a0fea2ab83c3c6d385"},
    {file = "joblib-1.2.0.tar.gz", hash = "sha256:e1cee4a79e4af22881164f218d4311f60074197fb707e082e803b61f6d137018"},
]

[[package]]
name = "numpy"
version = "1.24.3"
description = "Fundamental package for array computing in Python"
optional = false
python-versions = ">=3.8"
files = [
    {file = "numpy-1.24.3-cp310-cp310-macosx_10_9_x86_64.whl", hash = "sha256:3c1104d3c036fb81ab923f507536daedc718d0ad5a8707c6061cdfd6d184e570"},
    {file = "numpy-1.24.3-cp310-cp310-macosx_11_0_arm64.whl", hash = "sha256:202de8f38fc4a45a3eea4b63e2f376e5f2dc64ef0fa692838e31a808520efaf7"},
    {file = "numpy-1.24.3-cp310-cp310-manylinux_2_17_aarch64.manylinux2014_aarch64.whl", hash = "sha256:8535303847b89aa6b0f00aa1dc62867b5a32923e4d1681a35b5eef2d9591a463"},
    {file = "numpy-1.24.3-cp310-cp310-manylinux_2_17_x86_64.manylinux2014_x86_64.whl", hash = "sha256:2d926b52ba1367f9acb76b0df6ed21f0b16a1ad87c6720a1121674e5cf63e2b6"},
    {file = "numpy-1.24.3-cp310-cp310-win32.whl", hash = "sha256:f21c442fdd2805e91799fbe044a7b999b8571bb0ab0f7850d0cb9641a687092b"},
    {file = "numpy-1.24.3-cp310-cp310-win_amd64.whl", hash = "sha256:ab5f23af8c16022663a652d3b25dcdc272ac3f83c3af4c02eb8b824e6b3ab9d7"},
    {file = "numpy-1.24.3-cp311-cp311-macosx_10_9_x86_64.whl", hash = "sha256:9a7721ec204d3a237225db3e194c25268faf92e19338a35f3a224469cb6039a3"},
    {file = "numpy-1.24.3-cp311-cp311-macosx_11_0_arm64.whl", hash = "sha256:d6cc757de514c00b24ae8cf5c876af2a7c3df189028d68c0cb4eaa9cd5afc2bf"},
    {file = "numpy-1.24.3-cp311-cp311-manylinux_2_17_aarch64.manylinux2014_aarch64.whl", hash = "sha256:76e3f4e85fc5d4fd311f6e9b794d0c00e7002ec122be271f2019d63376f1d385"},
    {file = "numpy-1.24.3-cp311-cp311-manylinux_2_17_x86_64.manylinux2014_x86_64.whl", hash = "sha256:a1d3c026f57ceaad42f8231305d4653d5f05dc6332a730ae5c0bea3513de0950"},
    {file = "numpy-1.24.3-cp311-cp311-win32.whl", hash = "sha256:c91c4afd8abc3908e00a44b2672718905b8611503f7ff87390cc0ac3423fb096"},
    {file = "numpy-1.24.3-cp311-cp311-win_amd64.whl", hash = "sha256:5342cf6aad47943286afa6f1609cad9b4266a05e7f2ec408e2cf7aea7ff69d80"},
    {file = "numpy-1.24.3-cp38-cp38-macosx_10_9_x86_64.whl", hash = "sha256:7776ea65423ca6a15255ba1872d82d207bd1e09f6d0894ee4a64678dd2204078"},
    {file = "numpy-1.24.3-cp38-cp38-macosx_11_0_arm64.whl", hash = "sha256:ae8d0be48d1b6ed82588934aaaa179875e7dc4f3d84da18d7eae6eb3f06c242c"},
    {file = "numpy-1.24.3-cp38-cp38-manylinux_2_17_aarch64.manylinux2014_aarch64.whl", hash = "sha256:ecde0f8adef7dfdec993fd54b0f78183051b6580f606111a6d789cd14c61ea0c"},
    {file = "numpy-1.24.3-cp38-cp38-manylinux_2_17_x86_64.manylinux2014_x86_64.whl", hash = "sha256:4749e053a29364d3452c034827102ee100986903263e89884922ef01a0a6fd2f"},
    {file = "numpy-1.24.3-cp38-cp38-win32.whl", hash = "sha256:d933fabd8f6a319e8530d0de4fcc2e6a61917e0b0c271fded460032db42a0fe4"},
    {file = "numpy-1.24.3-cp38-cp38-win_amd64.whl", hash = "sha256:56e48aec79ae238f6e4395886b5eaed058abb7231fb3361ddd7bfdf4eed54289"},
    {file = "numpy-1.24.3-cp39-cp39-macosx_10_9_x86_64.whl", hash = "sha256:4719d5aefb5189f50887773699eaf94e7d1e02bf36c1a9d353d9f46703758ca4"},
    {file = "numpy-1.24.3-cp39-cp39-macosx_11_0_arm64.whl", hash = "sha256:0ec87a7084caa559c36e0a2309e4ecb1baa03b687201d0a847c8b0ed476a7187"},
    {file = "numpy-1.24.3-cp39-cp39-manylinux_2_17_aarch64.manylinux2014_aarch64.whl", hash = "sha256:ea8282b9bcfe2b5e7d491d0bf7f3e2da29700cec05b49e64d6246923329f2b02"},
    {file = "numpy-1.24.3-cp39-cp39-manylinux_2_17_x86_64.manylinux2014_x86_64.whl", hash = "sha256:210461d87fb02a84ef243cac5e814aad2b7f4be953b32cb53327bb49fd77fbb4"},
    {file = "numpy-1.24.3-cp39-cp39-win32.whl", hash = "sha256:784c6da1a07818491b0ffd63c6bbe5a33deaa0e25a20e1b3ea20cf0e43f8046c"},
    {file = "numpy-1.24.3-cp39-cp39-win_amd64.whl", hash = "sha256:d5036197ecae68d7f491fcdb4df90082b0d4960ca6599ba2659957aafced7c17"},
    {file = "numpy-1.24.3-pp38-pypy38_pp73-macosx_10_9_x86_64.whl", hash = "sha256:352ee00c7f8387b44d19f4cada524586f07379c0d49270f87233983bc5087ca0"},
    {file = "numpy-1.24.3-pp38-pypy38_pp73-manylinux_2_17_x86_64.manylinux2014_x86_64.whl", hash = "sha256:1a7d6acc2e7524c9955e5c903160aa4ea083736fde7e91276b0e5d98e6332812"},
    {file = "numpy-1.24.3-pp38-pypy38_pp73-win_amd64.whl", hash = "sha256:35400e6a8d102fd07c71ed7dcadd9eb62ee9a6e84ec159bd48c28235bbb0f8e4"},
    {file = "numpy-1.24.3.tar.gz", hash = "sha256:ab344f1bf21f140adab8e47fdbc7c35a477dc01408791f8ba00d018dd0bc5155"},
]

[[package]]
name = "osqp"
version = "0.6.3"
description = "OSQP: The Operator Splitting QP Solver"
optional = false
python-versions = "*"
files = [
    {file = "osqp-0.6.3-cp310-cp310-macosx_10_9_x86_64.whl", hash = "sha256:e6b7d923c836f1d07115057e595245ccc1694ecae730a1affda78fc6f3c8d239"},
    {file = "osqp-0.6.3-cp310-cp310-manylinux_2_17_aarch64.manylinux2014_aarch64.whl", hash = "sha256:e1dfda08c38c3521012740a73ef782f97dfc54a41deae4b0bc4afd18d0e74da0"},
    {file = "osqp-0.6.3-cp310-cp310-manylinux_2_5_x86_64.manylinux1_x86_64.manylinux_2_17_x86_64.manylinux2014_x86_64.whl", hash = "sha256:7eafa3f3e82dd36c52f3f4ef19a95142405c807c272c4b53c5971c53535d7804"},
    {file = "osqp-0.6.3-cp310-cp310-win_amd64.whl", hash = "sha256:3cbb6efdaffb7387dc0037dfe3259d4803e5ad7217e6f20fb605c92953214b9d"},
    {file = "osqp-0.6.3-cp311-cp311-macosx_10_9_x86_64.whl", hash = "sha256:1b2049b2c42565dcaa63ddca1c4028b1fb20aab141453f5d77e8ff5b1a99a2cf"},
    {file = "osqp-0.6.3-cp311-cp311-manylinux_2_17_aarch64.manylinux2014_aarch64.whl", hash = "sha256:146b89f2cfbf59eaeb2c47e3a312f2034138df78d80ce052364810dc0ef70fc4"},
    {file = "osqp-0.6.3-cp311-cp311-manylinux_2_5_x86_64.manylinux1_x86_64.manylinux_2_17_x86_64.manylinux2014_x86_64.whl", hash = "sha256:0084e3d733c75687d68bc133bc380ce471dfe6f7724af2718a43491782eec8d6"},
    {file = "osqp-0.6.3-cp311-cp311-win_amd64.whl", hash = "sha256:1b573fe1cd0e82239a279c58817c1d365187ef862e928b2b9c828c3c516ad3c2"},
    {file = "osqp-0.6.3-cp36-cp36m-macosx_10_9_x86_64.whl", hash = "sha256:6c3951ef505177b858c6cd34de980346014cae3d2234c93db960b12c5885f9a2"},
    {file = "osqp-0.6.3-cp36-cp36m-manylinux_2_17_aarch64.manylinux2014_aarch64.whl", hash = "sha256:dc18f87c9549032c163ce590a5e32079df94ee656c8fb357ba607aa9d78fab81"},
    {file = "osqp-0.6.3-cp36-cp36m-manylinux_2_5_x86_64.manylinux1_x86_64.manylinux_2_17_x86_64.manylinux2014_x86_64.whl", hash = "sha256:c07b1a4b538aab629b0fae69f644b7e76f81f94d65230014d482e296dacd046b"},
    {file = "osqp-0.6.3-cp36-cp36m-win_amd64.whl", hash = "sha256:60abec3593870990b16f00bd5017096a7091fb00b68d0db3383fc048ca8e55c9"},
    {file = "osqp-0.6.3-cp37-cp37m-macosx_10_9_x86_64.whl", hash = "sha256:b73bdd9589901841af83c5ed6a4092b4fac5a0beff9e32682d8526d1f16a728c"},
    {file = "osqp-0.6.3-cp37-cp37m-manylinux_2_17_aarch64.manylinux2014_aarch64.whl", hash = "sha256:71d9f611823af4a8b241c86805920e5382cd65c7f94fd3615b4eef999ed94c7c"},
    {file = "osqp-0.6.3-cp37-cp37m-manylinux_2_5_x86_64.manylinux1_x86_64.manylinux_2_17_x86_64.manylinux2014_x86_64.whl", hash = "sha256:30fbc3b3c028c06a6c5f1e66be7b7106ad48a29e0dc5bd82393f82dd68235ef8"},
    {file = "osqp-0.6.3-cp37-cp37m-win_amd64.whl", hash = "sha256:fe57e4bde071b388518ecb068f26319506dd9cb107363d3d80c12d2e59fc1e81"},
    {file = "osqp-0.6.3-cp38-cp38-macosx_10_9_x86_64.whl", hash = "sha256:41f304d1d7f91af07d8f0b01e5af29ec3bb8824f0102c7fd8b13b497be120da4"},
    {file = "osqp-0.6.3-cp38-cp38-manylinux_2_17_aarch64.manylinux2014_aarch64.whl", hash = "sha256:ea7d8c92bcdf4fef98d777f13d39060d425ef2e8778ed487c96a6fa10848cdea"},
    {file = "osqp-0.6.3-cp38-cp38-manylinux_2_5_x86_64.manylinux1_x86_64.manylinux_2_17_x86_64.manylinux2014_x86_64.whl", hash = "sha256:3f3a3c6d2708868e5e3fe2da300d6523cbf68a3d8734ce9c5043db37391969f5"},
    {file = "osqp-0.6.3-cp38-cp38-win_amd64.whl", hash = "sha256:1c548a0b3691850e7e22f3624a128d8af33416d70a9b5976a47d4d832028dcd8"},
    {file = "osqp-0.6.3-cp39-cp39-macosx_10_9_x86_64.whl", hash = "sha256:387e7abd737dfe32c9ec00ad74af25328cdd0d0f634d79530655c040a5cb9590"},
    {file = "osqp-0.6.3-cp39-cp39-manylinux_2_17_aarch64.manylinux2014_aarch64.whl", hash = "sha256:e1445e10a94e01698e13c87a7debf6ac1a15f3acd1f8f6340cb1ad945db4732b"},
    {file = "osqp-0.6.3-cp39-cp39-manylinux_2_5_x86_64.manylinux1_x86_64.manylinux_2_17_x86_64.manylinux2014_x86_64.whl", hash = "sha256:0441c10f7fe5f46692a9b44a57138977bb112ae3f8127151671968c5d9ec5dbb"},
    {file = "osqp-0.6.3-cp39-cp39-win_amd64.whl", hash = "sha256:b15e65a307fbbabf60248bb9bc204e61d5d4ae64e00427a69e2dad9622f4c29d"},
    {file = "osqp-0.6.3.tar.gz", hash = "sha256:03e460e683ec2ce0f839353ddfa3c4c8ffa509ab8cf6a2b2afbb586fa453e180"},
]

[package.dependencies]
numpy = ">=1.7"
qdldl = "*"
scipy = ">=0.13.2"

[[package]]
name = "qdldl"
version = "0.1.7"
description = "QDLDL, a free LDL factorization routine."
optional = false
python-versions = "*"
files = [
    {file = "qdldl-0.1.7-cp310-cp310-macosx_10_9_x86_64.whl", hash = "sha256:b82a44fc9822655c44a85e83de34c26fe5819e12dc498f62b1c0bc492b1ef539"},
    {file = "qdldl-0.1.7-cp310-cp310-manylinux_2_17_x86_64.manylinux2014_x86_64.whl", hash = "sha256:d01706f31cadcf5035198922ccdf6507b96de5b97d3968bd5b8e0f42cde7deb3"},
    {file = "qdldl-0.1.7-cp310-cp310-win_amd64.whl", hash = "sha256:3f3f5062c070f3b2716d32f05576c2d33cb6dae4da5a1d6054634ad6c84667b3"},
    {file = "qdldl-0.1.7-cp311-cp311-macosx_10_9_x86_64.whl", hash = "sha256:64cd7c3b01bdc3fc0dafbbaac486beef5ca514ee2ef742e78d53a9dd291f1582"},
    {file = "qdldl-0.1.7-cp311-cp311-manylinux_2_17_x86_64.manylinux2014_x86_64.whl", hash = "sha256:9b6ab860d32c66b64e4cb99fc78c757a3c8df5ac8f936924bd3d74bc3a90b2bd"},
    {file = "qdldl-0.1.7-cp311-cp311-win_amd64.whl", hash = "sha256:2fb7c0f6bd45cd6282286aedb0bd2d74eb1fa31e61b72084c875abcad32d4b08"},
    {file = "qdldl-0.1.7-cp36-cp36m-macosx_10_9_x86_64.whl", hash = "sha256:3cadfb7d27a0e6f15d9fe5877c5d92dcae2bf2fb21bd2c014561845dd9e626ea"},
    {file = "qdldl-0.1.7-cp36-cp36m-manylinux_2_17_x86_64.manylinux2014_x86_64.whl", hash = "sha256:1f84dbd18f687a997a8a587e9b1e96671d6cfff5058c1cc77060f3efc2d47d02"},
    {file = "qdldl-0.1.7-cp36-cp36m-win_amd64.whl", hash = "sha256:26d8a6c665a5c382c8a5d768e7e024ae85259e85db894363914366a258eb528c"},
    {file = "qdldl-0.1.7-cp37-cp37m-macosx_10_9_x86_64.whl", hash = "sha256:193422519eb5e003a8eada5f4d083f44c72cb36fd084ad283e8f6b01e1baf00a"},
    {file = "qdldl-0.1.7-cp37-cp37m-manylinux_2_17_x86_64.manylinux2014_x86_64.whl", hash = "sha256:7df01e253cb034f58f76a4d032c9e1bde769377ed67e0091a8e202ab9b2261d6"},
    {file = "qdldl-0.1.7-cp37-cp37m-win_amd64.whl", hash = "sha256:09561896e194c44f49301f3df236d517a10ac6f9f814595172af17e01f55f172"},
    {file = "qdldl-0.1.7-cp38-cp38-macosx_10_9_x86_64.whl", hash = "sha256:3210eadf24a674e63f82df7a042fc98b4ca19931f903aa5ed92d0566b476c5d0"},
    {file = "qdldl-0.1.7-cp38-cp38-manylinux_2_17_x86_64.manylinux2014_x86_64.whl", hash = "sha256:3582fa07f567de0f28e4faa32cc00315cc400aed53b35ad6f0593261eaaaf417"},
    {file = "qdldl-0.1.7-cp38-cp38-win_amd64.whl", hash = "sha256:1d21d4f931574ed33890966febc4799ed6adffdb097203af0086afc80019015c"},
    {file = "qdldl-0.1.7-cp39-cp39-macosx_10_9_x86_64.whl", hash = "sha256:a3baacd244cc57251f80cc3682c06f0590317f1841f4d7a5d91f47793fb1aa9d"},
    {file = "qdldl-0.1.7-cp39-cp39-manylinux_2_17_x86_64.manylinux2014_x86_64.whl", hash = "sha256:5caa5fddea56ef0a459f12feef02841ac544ed7ee875543231737005795f6e19"},
    {file = "qdldl-0.1.7-cp39-cp39-win_amd64.whl", hash = "sha256:5d55855ae06ba6150585420b67679d0d3361b3e5f88495625f8c4f35caaabc90"},
    {file = "qdldl-0.1.7.tar.gz", hash = "sha256:6c86639d11e301e78af2cce885249a286f675cce96d0e6d60f5b14f859d0f10e"},
]

[package.dependencies]
numpy = ">=1.7"
scipy = ">=0.13.2"

[[package]]
name = "scikit-learn"
version = "1.2.2"
description = "A set of python modules for machine learning and data mining"
optional = false
python-versions = ">=3.8"
files = [
    {file = "scikit-learn-1.2.2.tar.gz", hash = "sha256:8429aea30ec24e7a8c7ed8a3fa6213adf3814a6efbea09e16e0a0c71e1a1a3d7"},
    {file = "scikit_learn-1.2.2-cp310-cp310-macosx_10_9_x86_64.whl", hash = "sha256:99cc01184e347de485bf253d19fcb3b1a3fb0ee4cea5ee3c43ec0cc429b6d29f"},
    {file = "scikit_learn-1.2.2-cp310-cp310-macosx_12_0_arm64.whl", hash = "sha256:e6e574db9914afcb4e11ade84fab084536a895ca60aadea3041e85b8ac963edb"},
    {file = "scikit_learn-1.2.2-cp310-cp310-manylinux_2_17_aarch64.manylinux2014_aarch64.whl", hash = "sha256:6fe83b676f407f00afa388dd1fdd49e5c6612e551ed84f3b1b182858f09e987d"},
    {file = "scikit_learn-1.2.2-cp310-cp310-manylinux_2_17_x86_64.manylinux2014_x86_64.whl", hash = "sha256:2e2642baa0ad1e8f8188917423dd73994bf25429f8893ddbe115be3ca3183584"},
    {file = "scikit_learn-1.2.2-cp310-cp310-win_amd64.whl", hash = "sha256:ad66c3848c0a1ec13464b2a95d0a484fd5b02ce74268eaa7e0c697b904f31d6c"},
    {file = "scikit_learn-1.2.2-cp311-cp311-macosx_10_9_x86_64.whl", hash = "sha256:dfeaf8be72117eb61a164ea6fc8afb6dfe08c6f90365bde2dc16456e4bc8e45f"},
    {file = "scikit_learn-1.2.2-cp311-cp311-macosx_12_0_arm64.whl", hash = "sha256:fe0aa1a7029ed3e1dcbf4a5bc675aa3b1bc468d9012ecf6c6f081251ca47f590"},
    {file = "scikit_learn-1.2.2-cp311-cp311-manylinux_2_17_aarch64.manylinux2014_aarch64.whl", hash = "sha256:065e9673e24e0dc5113e2dd2b4ca30c9d8aa2fa90f4c0597241c93b63130d233"},
    {file = "scikit_learn-1.2.2-cp311-cp311-manylinux_2_17_x86_64.manylinux2014_x86_64.whl", hash = "sha256:bf036ea7ef66115e0d49655f16febfa547886deba20149555a41d28f56fd6d3c"},
    {file = "scikit_learn-1.2.2-cp311-cp311-win_amd64.whl", hash = "sha256:8b0670d4224a3c2d596fd572fb4fa673b2a0ccfb07152688ebd2ea0b8c61025c"},
    {file = "scikit_learn-1.2.2-cp38-cp38-macosx_10_9_x86_64.whl", hash = "sha256:9c710ff9f9936ba8a3b74a455ccf0dcf59b230caa1e9ba0223773c490cab1e51"},
    {file = "scikit_learn-1.2.2-cp38-cp38-macosx_12_0_arm64.whl", hash = "sha256:2dd3ffd3950e3d6c0c0ef9033a9b9b32d910c61bd06cb8206303fb4514b88a49"},
    {file = "scikit_learn-1.2.2-cp38-cp38-manylinux_2_17_aarch64.manylinux2014_aarch64.whl", hash = "sha256:44b47a305190c28dd8dd73fc9445f802b6ea716669cfc22ab1eb97b335d238b1"},
    {file = "scikit_learn-1.2.2-cp38-cp38-manylinux_2_17_x86_64.manylinux2014_x86_64.whl", hash = "sha256:953236889928d104c2ef14027539f5f2609a47ebf716b8cbe4437e85dce42744"},
    {file = "scikit_learn-1.2.2-cp38-cp38-win_amd64.whl", hash = "sha256:7f69313884e8eb311460cc2f28676d5e400bd929841a2c8eb8742ae78ebf7c20"},
    {file = "scikit_learn-1.2.2-cp39-cp39-macosx_10_9_x86_64.whl", hash = "sha256:8156db41e1c39c69aa2d8599ab7577af53e9e5e7a57b0504e116cc73c39138dd"},
    {file = "scikit_learn-1.2.2-cp39-cp39-macosx_12_0_arm64.whl", hash = "sha256:fe175ee1dab589d2e1033657c5b6bec92a8a3b69103e3dd361b58014729975c3"},
    {file = "scikit_learn-1.2.2-cp39-cp39-manylinux_2_17_aarch64.manylinux2014_aarch64.whl", hash = "sha256:7d5312d9674bed14f73773d2acf15a3272639b981e60b72c9b190a0cffed5bad"},
    {file = "scikit_learn-1.2.2-cp39-cp39-manylinux_2_17_x86_64.manylinux2014_x86_64.whl", hash = "sha256:ea061bf0283bf9a9f36ea3c5d3231ba2176221bbd430abd2603b1c3b2ed85c89"},
    {file = "scikit_learn-1.2.2-cp39-cp39-win_amd64.whl", hash = "sha256:6477eed40dbce190f9f9e9d0d37e020815825b300121307942ec2110302b66a3"},
]

[package.dependencies]
joblib = ">=1.1.1"
numpy = ">=1.17.3"
scipy = ">=1.3.2"
threadpoolctl = ">=2.0.0"

[package.extras]
benchmark = ["matplotlib (>=3.1.3)", "memory-profiler (>=0.57.0)", "pandas (>=1.0.5)"]
docs = ["Pillow (>=7.1.2)", "matplotlib (>=3.1.3)", "memory-profiler (>=0.57.0)", "numpydoc (>=1.2.0)", "pandas (>=1.0.5)", "plotly (>=5.10.0)", "pooch (>=1.6.0)", "scikit-image (>=0.16.2)", "seaborn (>=0.9.0)", "sphinx (>=4.0.1)", "sphinx-gallery (>=0.7.0)", "sphinx-prompt (>=1.3.0)", "sphinxext-opengraph (>=0.4.2)"]
examples = ["matplotlib (>=3.1.3)", "pandas (>=1.0.5)", "plotly (>=5.10.0)", "pooch (>=1.6.0)", "scikit-image (>=0.16.2)", "seaborn (>=0.9.0)"]
tests = ["black (>=22.3.0)", "flake8 (>=3.8.2)", "matplotlib (>=3.1.3)", "mypy (>=0.961)", "numpydoc (>=1.2.0)", "pandas (>=1.0.5)", "pooch (>=1.6.0)", "pyamg (>=4.0.0)", "pytest (>=5.3.1)", "pytest-cov (>=2.9.0)", "scikit-image (>=0.16.2)"]

[[package]]
name = "scipy"
version = "1.9.3"
description = "Fundamental algorithms for scientific computing in Python"
optional = false
python-versions = ">=3.8"
files = [
    {file = "scipy-1.9.3-cp310-cp310-macosx_10_9_x86_64.whl", hash = "sha256:1884b66a54887e21addf9c16fb588720a8309a57b2e258ae1c7986d4444d3bc0"},
    {file = "scipy-1.9.3-cp310-cp310-macosx_12_0_arm64.whl", hash = "sha256:83b89e9586c62e787f5012e8475fbb12185bafb996a03257e9675cd73d3736dd"},
    {file = "scipy-1.9.3-cp310-cp310-manylinux_2_17_aarch64.manylinux2014_aarch64.whl", hash = "sha256:1a72d885fa44247f92743fc20732ae55564ff2a519e8302fb7e18717c5355a8b"},
    {file = "scipy-1.9.3-cp310-cp310-manylinux_2_17_x86_64.manylinux2014_x86_64.whl", hash = "sha256:d01e1dd7b15bd2449c8bfc6b7cc67d630700ed655654f0dfcf121600bad205c9"},
    {file = "scipy-1.9.3-cp310-cp310-win_amd64.whl", hash = "sha256:68239b6aa6f9c593da8be1509a05cb7f9efe98b80f43a5861cd24c7557e98523"},
    {file = "scipy-1.9.3-cp311-cp311-macosx_10_9_x86_64.whl", hash = "sha256:b41bc822679ad1c9a5f023bc93f6d0543129ca0f37c1ce294dd9d386f0a21096"},
    {file = "scipy-1.9.3-cp311-cp311-macosx_12_0_arm64.whl", hash = "sha256:90453d2b93ea82a9f434e4e1cba043e779ff67b92f7a0e85d05d286a3625df3c"},
    {file = "scipy-1.9.3-cp311-cp311-manylinux_2_17_aarch64.manylinux2014_aarch64.whl", hash = "sha256:83c06e62a390a9167da60bedd4575a14c1f58ca9dfde59830fc42e5197283dab"},
    {file = "scipy-1.9.3-cp311-cp311-manylinux_2_17_x86_64.manylinux2014_x86_64.whl", hash = "sha256:abaf921531b5aeaafced90157db505e10345e45038c39e5d9b6c7922d68085cb"},
    {file = "scipy-1.9.3-cp311-cp311-win_amd64.whl", hash = "sha256:06d2e1b4c491dc7d8eacea139a1b0b295f74e1a1a0f704c375028f8320d16e31"},
    {file = "scipy-1.9.3-cp38-cp38-macosx_10_9_x86_64.whl", hash = "sha256:5a04cd7d0d3eff6ea4719371cbc44df31411862b9646db617c99718ff68d4840"},
    {file = "scipy-1.9.3-cp38-cp38-macosx_12_0_arm64.whl", hash = "sha256:545c83ffb518094d8c9d83cce216c0c32f8c04aaf28b92cc8283eda0685162d5"},
    {file = "scipy-1.9.3-cp38-cp38-manylinux_2_17_aarch64.manylinux2014_aarch64.whl", hash = "sha256:0d54222d7a3ba6022fdf5773931b5d7c56efe41ede7f7128c7b1637700409108"},
    {file = "scipy-1.9.3-cp38-cp38-manylinux_2_17_x86_64.manylinux2014_x86_64.whl", hash = "sha256:cff3a5295234037e39500d35316a4c5794739433528310e117b8a9a0c76d20fc"},
    {file = "scipy-1.9.3-cp38-cp38-win_amd64.whl", hash = "sha256:2318bef588acc7a574f5bfdff9c172d0b1bf2c8143d9582e05f878e580a3781e"},
    {file = "scipy-1.9.3-cp39-cp39-macosx_10_9_x86_64.whl", hash = "sha256:d644a64e174c16cb4b2e41dfea6af722053e83d066da7343f333a54dae9bc31c"},
    {file = "scipy-1.9.3-cp39-cp39-macosx_12_0_arm64.whl", hash = "sha256:da8245491d73ed0a994ed9c2e380fd058ce2fa8a18da204681f2fe1f57f98f95"},
    {file = "scipy-1.9.3-cp39-cp39-manylinux_2_17_aarch64.manylinux2014_aarch64.whl", hash = "sha256:4db5b30849606a95dcf519763dd3ab6fe9bd91df49eba517359e450a7d80ce2e"},
    {file = "scipy-1.9.3-cp39-cp39-manylinux_2_17_x86_64.manylinux2014_x86_64.whl", hash = "sha256:c68db6b290cbd4049012990d7fe71a2abd9ffbe82c0056ebe0f01df8be5436b0"},
    {file = "scipy-1.9.3-cp39-cp39-win_amd64.whl", hash = "sha256:5b88e6d91ad9d59478fafe92a7c757d00c59e3bdc3331be8ada76a4f8d683f58"},
    {file = "scipy-1.9.3.tar.gz", hash = "sha256:fbc5c05c85c1a02be77b1ff591087c83bc44579c6d2bd9fb798bb64ea5e1a027"},
]

[package.dependencies]
numpy = ">=1.18.5,<1.26.0"

[package.extras]
dev = ["flake8", "mypy", "pycodestyle", "typing_extensions"]
doc = ["matplotlib (>2)", "numpydoc", "pydata-sphinx-theme (==0.9.0)", "sphinx (!=4.1.0)", "sphinx-panels (>=0.5.2)", "sphinx-tabs"]
test = ["asv", "gmpy2", "mpmath", "pytest", "pytest-cov", "pytest-xdist", "scikit-umfpack", "threadpoolctl"]

[[package]]
name = "scs"
version = "3.2.3"
description = "scs: splitting conic solver"
optional = false
python-versions = "*"
files = [
    {file = "scs-3.2.3-cp310-cp310-macosx_10_9_x86_64.whl", hash = "sha256:9d7f7fd2d2cd88938c159b15e8915d9536610e50a9c34ecf36ce0290807afe55"},
    {file = "scs-3.2.3-cp310-cp310-manylinux_2_17_x86_64.manylinux2014_x86_64.whl", hash = "sha256:368194620918301bf5309a35a7cd0444f1b1992b182c0a29033c26eb97b3dcb2"},
    {file = "scs-3.2.3-cp310-cp310-win_amd64.whl", hash = "sha256:2d835a74c283be73bff6e1978d3ae77a60d9e87db1fdd12916464fa2a1dda517"},
    {file = "scs-3.2.3-cp311-cp311-macosx_10_9_x86_64.whl", hash = "sha256:81511fda3254c0d29089443dcd2305e81d203509e4d77afd160e9174b15ad75a"},
    {file = "scs-3.2.3-cp311-cp311-manylinux_2_17_x86_64.manylinux2014_x86_64.whl", hash = "sha256:715ca4532de39b462bd393f9e8b4bf57be4122e20f0780d00db3cab1450a585d"},
    {file = "scs-3.2.3-cp311-cp311-win_amd64.whl", hash = "sha256:fcf4b985a787135b3e83682a4c5b9bce9c6290cfead1d7225c38f34f5ead7187"},
    {file = "scs-3.2.3-cp37-cp37m-macosx_10_9_x86_64.whl", hash = "sha256:91f5194cfabe354c9b1f0ea1de82114028d81c5a4a633177b8da2fe36f301758"},
    {file = "scs-3.2.3-cp37-cp37m-manylinux_2_17_x86_64.manylinux2014_x86_64.whl", hash = "sha256:c0d15f21e9053c5df37dab0d700da55fcc71f2f454748f364b9de594988b2ab3"},
    {file = "scs-3.2.3-cp37-cp37m-win_amd64.whl", hash = "sha256:6a80727167ad73151ced202a1ac6c0c7644b00b2e2607edec8a8807fc0443ac8"},
    {file = "scs-3.2.3-cp38-cp38-macosx_10_9_x86_64.whl", hash = "sha256:79d7d6c42ee636821460d317b8250945ce04363a47a63aef6b1eae0bd7a418fc"},
    {file = "scs-3.2.3-cp38-cp38-manylinux_2_17_x86_64.manylinux2014_x86_64.whl", hash = "sha256:e6f64d23247797cfa289095fb5ddea6eeff5adf98961e953da90233278827e0c"},
    {file = "scs-3.2.3-cp38-cp38-win_amd64.whl", hash = "sha256:9a14a7c80efb34b469eb4dbaf26a9104dd2ca93e477985f948d8f28cd4b1a2ba"},
    {file = "scs-3.2.3-cp39-cp39-macosx_10_9_x86_64.whl", hash = "sha256:3eb601738b260e3dcad117f3e02aceaca5d1e8eac2be225be1c0f9cbf83e75cb"},
    {file = "scs-3.2.3-cp39-cp39-manylinux_2_17_x86_64.manylinux2014_x86_64.whl", hash = "sha256:f1b24176de97ecedf698596086f85da6dad472fe38a4b21cf4b460f87cae2c37"},
    {file = "scs-3.2.3-cp39-cp39-win_amd64.whl", hash = "sha256:ddaa5af34a0e1f636d312eb1901bd407383f0b04dda50fba7242d56e618c0966"},
    {file = "scs-3.2.3.tar.gz", hash = "sha256:e3bd779e7e977e3ae5a2f2035aa4c2a309e29082d59a722d5d6592edc4bdb4b3"},
]

[package.dependencies]
numpy = ">=1.7"
scipy = ">=0.13.2"

[[package]]
name = "setuptools"
version = "67.8.0"
description = "Easily download, build, install, upgrade, and uninstall Python packages"
optional = false
python-versions = ">=3.7"
files = [
    {file = "setuptools-67.8.0-py3-none-any.whl", hash = "sha256:5df61bf30bb10c6f756eb19e7c9f3b473051f48db77fddbe06ff2ca307df9a6f"},
    {file = "setuptools-67.8.0.tar.gz", hash = "sha256:62642358adc77ffa87233bc4d2354c4b2682d214048f500964dbe760ccedf102"},
]

[package.extras]
docs = ["furo", "jaraco.packaging (>=9)", "jaraco.tidelift (>=1.4)", "pygments-github-lexers (==0.0.5)", "rst.linker (>=1.9)", "sphinx (>=3.5)", "sphinx-favicon", "sphinx-hoverxref (<2)", "sphinx-inline-tabs", "sphinx-lint", "sphinx-notfound-page (==0.8.3)", "sphinx-reredirects", "sphinxcontrib-towncrier"]
testing = ["build[virtualenv]", "filelock (>=3.4.0)", "flake8-2020", "ini2toml[lite] (>=0.9)", "jaraco.envs (>=2.2)", "jaraco.path (>=3.2.0)", "pip (>=19.1)", "pip-run (>=8.8)", "pytest (>=6)", "pytest-black (>=0.3.7)", "pytest-checkdocs (>=2.4)", "pytest-cov", "pytest-enabler (>=1.3)", "pytest-mypy (>=0.9.1)", "pytest-perf", "pytest-ruff", "pytest-timeout", "pytest-xdist", "tomli-w (>=1.0.0)", "virtualenv (>=13.0.0)", "wheel"]
testing-integration = ["build[virtualenv]", "filelock (>=3.4.0)", "jaraco.envs (>=2.2)", "jaraco.path (>=3.2.0)", "pytest", "pytest-enabler", "pytest-xdist", "tomli", "virtualenv (>=13.0.0)", "wheel"]

[[package]]
name = "snap"
version = "0.5"
description = "snap - zope 3 frontend for entransit"
optional = false
python-versions = "*"
files = [
    {file = "snap-0.5.tar.gz", hash = "sha256:393531130d7ac5633967718a19dd6c3b757291bc4c113ef697eeefaa8759d4cb"},
]

[[package]]
name = "threadpoolctl"
version = "3.1.0"
description = "threadpoolctl"
optional = false
python-versions = ">=3.6"
files = [
    {file = "threadpoolctl-3.1.0-py3-none-any.whl", hash = "sha256:8b99adda265feb6773280df41eece7b2e6561b772d21ffd52e372f999024907b"},
    {file = "threadpoolctl-3.1.0.tar.gz", hash = "sha256:a335baacfaa4400ae1f0d8e3a58d6674d2f8828e3716bb2802c44955ad391380"},
]

[metadata]
lock-version = "2.0"
python-versions = "^3.11"
content-hash = "bdc106e4039fc98df964aa1b2ff94696360e1a3860edb56507fb2814aa25a1b8"
